// !$*UTF8*$!
{
	archiveVersion = 1;
	classes = {
	};
	objectVersion = 46;
	objects = {

/* Begin PBXBuildFile section */
		DEA185BC1DFA80B200DEF301 /* Emoji.swift in Sources */ = {isa = PBXBuildFile; fileRef = DEA185BB1DFA80B200DEF301 /* Emoji.swift */; };
		DEA881031DF45093008DB522 /* AppDelegate.swift in Sources */ = {isa = PBXBuildFile; fileRef = DEA881021DF45093008DB522 /* AppDelegate.swift */; };
		DEA881051DF45093008DB522 /* ViewController.swift in Sources */ = {isa = PBXBuildFile; fileRef = DEA881041DF45093008DB522 /* ViewController.swift */; };
		DEA881081DF45093008DB522 /* Main.storyboard in Resources */ = {isa = PBXBuildFile; fileRef = DEA881061DF45093008DB522 /* Main.storyboard */; };
		DEA8810A1DF45093008DB522 /* Assets.xcassets in Resources */ = {isa = PBXBuildFile; fileRef = DEA881091DF45093008DB522 /* Assets.xcassets */; };
		DEA8810D1DF45093008DB522 /* LaunchScreen.storyboard in Resources */ = {isa = PBXBuildFile; fileRef = DEA8810B1DF45093008DB522 /* LaunchScreen.storyboard */; };
		DEA881151DF58BCB008DB522 /* DefViewController.swift in Sources */ = {isa = PBXBuildFile; fileRef = DEA881141DF58BCB008DB522 /* DefViewController.swift */; };
/* End PBXBuildFile section */

/* Begin PBXFileReference section */
		DEA185BB1DFA80B200DEF301 /* Emoji.swift */ = {isa = PBXFileReference; fileEncoding = 4; lastKnownFileType = sourcecode.swift; path = Emoji.swift; sourceTree = "<group>"; };
		DEA880FF1DF45093008DB522 /* Emoji Dictionary.app */ = {isa = PBXFileReference; explicitFileType = wrapper.application; includeInIndex = 0; path = "Emoji Dictionary.app"; sourceTree = BUILT_PRODUCTS_DIR; };
		DEA881021DF45093008DB522 /* AppDelegate.swift */ = {isa = PBXFileReference; lastKnownFileType = sourcecode.swift; path = AppDelegate.swift; sourceTree = "<group>"; };
		DEA881041DF45093008DB522 /* ViewController.swift */ = {isa = PBXFileReference; lastKnownFileType = sourcecode.swift; path = ViewController.swift; sourceTree = "<group>"; };
		DEA881071DF45093008DB522 /* Base */ = {isa = PBXFileReference; lastKnownFileType = file.storyboard; name = Base; path = Base.lproj/Main.storyboard; sourceTree = "<group>"; };
		DEA881091DF45093008DB522 /* Assets.xcassets */ = {isa = PBXFileReference; lastKnownFileType = folder.assetcatalog; path = Assets.xcassets; sourceTree = "<group>"; };
		DEA8810C1DF45093008DB522 /* Base */ = {isa = PBXFileReference; lastKnownFileType = file.storyboard; name = Base; path = Base.lproj/LaunchScreen.storyboard; sourceTree = "<group>"; };
		DEA8810E1DF45093008DB522 /* Info.plist */ = {isa = PBXFileReference; lastKnownFileType = text.plist.xml; path = Info.plist; sourceTree = "<group>"; };
		DEA881141DF58BCB008DB522 /* DefViewController.swift */ = {isa = PBXFileReference; fileEncoding = 4; lastKnownFileType = sourcecode.swift; path = DefViewController.swift; sourceTree = "<group>"; };
/* End PBXFileReference section */

/* Begin PBXFrameworksBuildPhase section */
		DEA880FC1DF45093008DB522 /* Frameworks */ = {
			isa = PBXFrameworksBuildPhase;
			buildActionMask = 2147483647;
			files = (
			);
			runOnlyForDeploymentPostprocessing = 0;
		};
/* End PBXFrameworksBuildPhase section */

/* Begin PBXGroup section */
		DEA880F61DF45093008DB522 = {
			isa = PBXGroup;
			children = (
				DEA881011DF45093008DB522 /* Emoji Dictionary */,
				DEA881001DF45093008DB522 /* Products */,
			);
			sourceTree = "<group>";
		};
		DEA881001DF45093008DB522 /* Products */ = {
			isa = PBXGroup;
			children = (
				DEA880FF1DF45093008DB522 /* Emoji Dictionary.app */,
			);
			name = Products;
			sourceTree = "<group>";
		};
		DEA881011DF45093008DB522 /* Emoji Dictionary */ = {
			isa = PBXGroup;
			children = (
				DEA881021DF45093008DB522 /* AppDelegate.swift */,
				DEA881041DF45093008DB522 /* ViewController.swift */,
				DEA185BB1DFA80B200DEF301 /* Emoji.swift */,
				DEA881141DF58BCB008DB522 /* DefViewController.swift */,
				DEA881061DF45093008DB522 /* Main.storyboard */,
				DEA881091DF45093008DB522 /* Assets.xcassets */,
				DEA8810B1DF45093008DB522 /* LaunchScreen.storyboard */,
				DEA8810E1DF45093008DB522 /* Info.plist */,
			);
			path = "Emoji Dictionary";
			sourceTree = "<group>";
		};
/* End PBXGroup section */

/* Begin PBXNativeTarget section */
		DEA880FE1DF45093008DB522 /* Emoji Dictionary */ = {
			isa = PBXNativeTarget;
			buildConfigurationList = DEA881111DF45094008DB522 /* Build configuration list for PBXNativeTarget "Emoji Dictionary" */;
			buildPhases = (
				DEA880FB1DF45093008DB522 /* Sources */,
				DEA880FC1DF45093008DB522 /* Frameworks */,
				DEA880FD1DF45093008DB522 /* Resources */,
			);
			buildRules = (
			);
			dependencies = (
			);
			name = "Emoji Dictionary";
			productName = "Emoji Dictionary";
			productReference = DEA880FF1DF45093008DB522 /* Emoji Dictionary.app */;
			productType = "com.apple.product-type.application";
		};
/* End PBXNativeTarget section */

/* Begin PBXProject section */
		DEA880F71DF45093008DB522 /* Project object */ = {
			isa = PBXProject;
			attributes = {
				LastSwiftUpdateCheck = 0800;
				LastUpgradeCheck = 0800;
				ORGANIZATIONNAME = "Richard Surjadi";
				TargetAttributes = {
					DEA880FE1DF45093008DB522 = {
						CreatedOnToolsVersion = 8.0;
						DevelopmentTeam = WEBUB3D3P3;
						ProvisioningStyle = Automatic;
					};
				};
			};
			buildConfigurationList = DEA880FA1DF45093008DB522 /* Build configuration list for PBXProject "Emoji Dictionary" */;
			compatibilityVersion = "Xcode 3.2";
			developmentRegion = English;
			hasScannedForEncodings = 0;
			knownRegions = (
				en,
				Base,
			);
			mainGroup = DEA880F61DF45093008DB522;
			productRefGroup = DEA881001DF45093008DB522 /* Products */;
			projectDirPath = "";
			projectRoot = "";
			targets = (
				DEA880FE1DF45093008DB522 /* Emoji Dictionary */,
			);
		};
/* End PBXProject section */

/* Begin PBXResourcesBuildPhase section */
		DEA880FD1DF45093008DB522 /* Resources */ = {
			isa = PBXResourcesBuildPhase;
			buildActionMask = 2147483647;
			files = (
				DEA8810D1DF45093008DB522 /* LaunchScreen.storyboard in Resources */,
				DEA8810A1DF45093008DB522 /* Assets.xcassets in Resources */,
				DEA881081DF45093008DB522 /* Main.storyboard in Resources */,
			);
			runOnlyForDeploymentPostprocessing = 0;
		};
/* End PBXResourcesBuildPhase section */

/* Begin PBXSourcesBuildPhase section */
		DEA880FB1DF45093008DB522 /* Sources */ = {
			isa = PBXSourcesBuildPhase;
			buildActionMask = 2147483647;
			files = (
				DEA881151DF58BCB008DB522 /* DefViewController.swift in Sources */,
				DEA881051DF45093008DB522 /* ViewController.swift in Sources */,
				DEA185BC1DFA80B200DEF301 /* Emoji.swift in Sources */,
				DEA881031DF45093008DB522 /* AppDelegate.swift in Sources */,
			);
			runOnlyForDeploymentPostprocessing = 0;
		};
/* End PBXSourcesBuildPhase section */

/* Begin PBXVariantGroup section */
		DEA881061DF45093008DB522 /* Main.storyboard */ = {
			isa = PBXVariantGroup;
			children = (
				DEA881071DF45093008DB522 /* Base */,
			);
			name = Main.storyboard;
			sourceTree = "<group>";
		};
		DEA8810B1DF45093008DB522 /* LaunchScreen.storyboard */ = {
			isa = PBXVariantGroup;
			children = (
				DEA8810C1DF45093008DB522 /* Base */,
			);
			name = LaunchScreen.storyboard;
			sourceTree = "<group>";
		};
/* End PBXVariantGroup section */

/* Begin XCBuildConfiguration section */
		DEA8810F1DF45094008DB522 /* Debug */ = {
			isa = XCBuildConfiguration;
			buildSettings = {
				ALWAYS_SEARCH_USER_PATHS = NO;
				CLANG_ANALYZER_NONNULL = YES;
				CLANG_CXX_LANGUAGE_STANDARD = "gnu++0x";
				CLANG_CXX_LIBRARY = "libc++";
				CLANG_ENABLE_MODULES = YES;
				CLANG_ENABLE_OBJC_ARC = YES;
				CLANG_WARN_BOOL_CONVERSION = YES;
				CLANG_WARN_CONSTANT_CONVERSION = YES;
				CLANG_WARN_DIRECT_OBJC_ISA_USAGE = YES_ERROR;
				CLANG_WARN_DOCUMENTATION_COMMENTS = YES;
				CLANG_WARN_EMPTY_BODY = YES;
				CLANG_WARN_ENUM_CONVERSION = YES;
				CLANG_WARN_INFINITE_RECURSION = YES;
				CLANG_WARN_INT_CONVERSION = YES;
				CLANG_WARN_OBJC_ROOT_CLASS = YES_ERROR;
				CLANG_WARN_SUSPICIOUS_MOVES = YES;
				CLANG_WARN_UNREACHABLE_CODE = YES;
				CLANG_WARN__DUPLICATE_METHOD_MATCH = YES;
				"CODE_SIGN_IDENTITY[sdk=iphoneos*]" = "iPhone Developer";
				COPY_PHASE_STRIP = NO;
				DEBUG_INFORMATION_FORMAT = dwarf;
				ENABLE_STRICT_OBJC_MSGSEND = YES;
				ENABLE_TESTABILITY = YES;
				GCC_C_LANGUAGE_STANDARD = gnu99;
				GCC_DYNAMIC_NO_PIC = NO;
				GCC_NO_COMMON_BLOCKS = YES;
				GCC_OPTIMIZATION_LEVEL = 0;
				GCC_PREPROCESSOR_DEFINITIONS = (
					"DEBUG=1",
					"$(inherited)",
				);
				GCC_WARN_64_TO_32_BIT_CONVERSION = YES;
				GCC_WARN_ABOUT_RETURN_TYPE = YES_ERROR;
				GCC_WARN_UNDECLARED_SELECTOR = YES;
				GCC_WARN_UNINITIALIZED_AUTOS = YES_AGGRESSIVE;
				GCC_WARN_UNUSED_FUNCTION = YES;
				GCC_WARN_UNUSED_VARIABLE = YES;
				IPHONEOS_DEPLOYMENT_TARGET = 10.0;
				MTL_ENABLE_DEBUG_INFO = YES;
				ONLY_ACTIVE_ARCH = YES;
				SDKROOT = iphoneos;
				SWIFT_ACTIVE_COMPILATION_CONDITIONS = DEBUG;
				SWIFT_OPTIMIZATION_LEVEL = "-Onone";
				TARGETED_DEVICE_FAMILY = "1,2";
			};
			name = Debug;
		};
		DEA881101DF45094008DB522 /* Release */ = {
			isa = XCBuildConfiguration;
			buildSettings = {
				ALWAYS_SEARCH_USER_PATHS = NO;
				CLANG_ANALYZER_NONNULL = YES;
				CLANG_CXX_LANGUAGE_STANDARD = "gnu++0x";
				CLANG_CXX_LIBRARY = "libc++";
				CLANG_ENABLE_MODULES = YES;
				CLANG_ENABLE_OBJC_ARC = YES;
				CLANG_WARN_BOOL_CONVERSION = YES;
				CLANG_WARN_CONSTANT_CONVERSION = YES;
				CLANG_WARN_DIRECT_OBJC_ISA_USAGE = YES_ERROR;
				CLANG_WARN_DOCUMENTATION_COMMENTS = YES;
				CLANG_WARN_EMPTY_BODY = YES;
				CLANG_WARN_ENUM_CONVERSION = YES;
				CLANG_WARN_INFINITE_RECURSION = YES;
				CLANG_WARN_INT_CONVERSION = YES;
				CLANG_WARN_OBJC_ROOT_CLASS = YES_ERROR;
				CLANG_WARN_SUSPICIOUS_MOVES = YES;
				CLANG_WARN_UNREACHABLE_CODE = YES;
				CLANG_WARN__DUPLICATE_METHOD_MATCH = YES;
				"CODE_SIGN_IDENTITY[sdk=iphoneos*]" = "iPhone Developer";
				COPY_PHASE_STRIP = NO;
				DEBUG_INFORMATION_FORMAT = "dwarf-with-dsym";
				ENABLE_NS_ASSERTIONS = NO;
				ENABLE_STRICT_OBJC_MSGSEND = YES;
				GCC_C_LANGUAGE_STANDARD = gnu99;
				GCC_NO_COMMON_BLOCKS = YES;
				GCC_WARN_64_TO_32_BIT_CONVERSION = YES;
				GCC_WARN_ABOUT_RETURN_TYPE = YES_ERROR;
				GCC_WARN_UNDECLARED_SELECTOR = YES;
				GCC_WARN_UNINITIALIZED_AUTOS = YES_AGGRESSIVE;
				GCC_WARN_UNUSED_FUNCTION = YES;
				GCC_WARN_UNUSED_VARIABLE = YES;
				IPHONEOS_DEPLOYMENT_TARGET = 10.0;
				MTL_ENABLE_DEBUG_INFO = NO;
				SDKROOT = iphoneos;
				SWIFT_OPTIMIZATION_LEVEL = "-Owholemodule";
				TARGETED_DEVICE_FAMILY = "1,2";
				VALIDATE_PRODUCT = YES;
			};
			name = Release;
		};
		DEA881121DF45094008DB522 /* Debug */ = {
			isa = XCBuildConfiguration;
			buildSettings = {
				ASSETCATALOG_COMPILER_APPICON_NAME = AppIcon;
				"CODE_SIGN_IDENTITY[sdk=iphoneos*]" = "iPhone Developer";
				DEVELOPMENT_TEAM = WEBUB3D3P3;
				INFOPLIST_FILE = "Emoji Dictionary/Info.plist";
				LD_RUNPATH_SEARCH_PATHS = "$(inherited) @executable_path/Frameworks";
				PRODUCT_BUNDLE_IDENTIFIER = "com.rsurjadi.Emoji-Dictionary";
				PRODUCT_NAME = "$(TARGET_NAME)";
				SWIFT_VERSION = 3.0;
			};
			name = Debug;
		};
		DEA881131DF45094008DB522 /* Release */ = {
			isa = XCBuildConfiguration;
			buildSettings = {
				ASSETCATALOG_COMPILER_APPICON_NAME = AppIcon;
				"CODE_SIGN_IDENTITY[sdk=iphoneos*]" = "iPhone Developer";
				DEVELOPMENT_TEAM = WEBUB3D3P3;
				INFOPLIST_FILE = "Emoji Dictionary/Info.plist";
				LD_RUNPATH_SEARCH_PATHS = "$(inherited) @executable_path/Frameworks";
				PRODUCT_BUNDLE_IDENTIFIER = "com.rsurjadi.Emoji-Dictionary";
				PRODUCT_NAME = "$(TARGET_NAME)";
				SWIFT_VERSION = 3.0;
			};
			name = Release;
		};
/* End XCBuildConfiguration section */

/* Begin XCConfigurationList section */
		DEA880FA1DF45093008DB522 /* Build configuration list for PBXProject "Emoji Dictionary" */ = {
			isa = XCConfigurationList;
			buildConfigurations = (
				DEA8810F1DF45094008DB522 /* Debug */,
				DEA881101DF45094008DB522 /* Release */,
			);
			defaultConfigurationIsVisible = 0;
			defaultConfigurationName = Release;
		};
		DEA881111DF45094008DB522 /* Build configuration list for PBXNativeTarget "Emoji Dictionary" */ = {
			isa = XCConfigurationList;
			buildConfigurations = (
				DEA881121DF45094008DB522 /* Debug */,
				DEA881131DF45094008DB522 /* Release */,
			);
			defaultConfigurationIsVisible = 0;
			defaultConfigurationName = Release;
		};
/* End XCConfigurationList section */
	};
	rootObject = DEA880F71DF45093008DB522 /* Project object */;
}
